
Microsoft Visual Studio Solution File, Format Version 12.00
# Visual Studio Version 17
VisualStudioVersion = 17.1.32421.90
MinimumVisualStudioVersion = 10.0.40219.1
Project("{FAE04EC0-301F-11D3-BF4B-00C04F79EFBC}") = "iRacingDataLogger", "iRacingDataLogger\iRacingDataLogger.csproj", "{D1BE78C0-606D-41B9-9373-D959EA837D38}"
EndProject
Global
	GlobalSection(SolutionConfigurationPlatforms) = preSolution
		Debug|Any CPU = Debug|Any CPU
		Release|Any CPU = Release|Any CPU
	EndGlobalSection
	GlobalSection(ProjectConfigurationPlatforms) = postSolution
		{D1BE78C0-606D-41B9-9373-D959EA837D38}.Debug|Any CPU.ActiveCfg = Debug|Any CPU
		{D1BE78C0-606D-41B9-9373-D959EA837D38}.Debug|Any CPU.Build.0 = Debug|Any CPU
		{D1BE78C0-606D-41B9-9373-D959EA837D38}.Release|Any CPU.ActiveCfg = Release|Any CPU
		{D1BE78C0-606D-41B9-9373-D959EA837D38}.Release|Any CPU.Build.0 = Release|Any CPU
	EndGlobalSection
	GlobalSection(SolutionProperties) = preSolution
		HideSolutionNode = FALSE
	EndGlobalSection
	GlobalSection(ExtensibilityGlobals) = postSolution
		SolutionGuid = {6516310F-A6B7-4E70-B29D-65178A566B21}
	EndGlobalSection
EndGlobal
